# THIS IS AN AUTOGENERATED FILE. DO NOT EDIT THIS FILE DIRECTLY.
# yarn lockfile v1


"@opennetwork/rdf-data-model@^5.2.7":
  version "5.2.7"
  resolved "https://registry.npmjs.org/@opennetwork/rdf-data-model/-/rdf-data-model-5.2.7.tgz#8cf495342cf5150de1721090af70d2ee1b9b0552"
  integrity sha512-y+l+8O2JfOqAy0BlKbBvMq8uC5o5UDKf2yT1IQJQqQftJSi5gnds8B+x+VL5zW3SxZsEwyL4hVzaT0gS4DDwVQ==
  dependencies:
    pure-uuid "^1.6.0"

"@opennetwork/rdf-dataset@^8.2.1":
  version "8.2.9"
  resolved "https://registry.npmjs.org/@opennetwork/rdf-dataset/-/rdf-dataset-8.2.9.tgz#e1eb122a97effa5da79f5b731637b1cc97c28f2f"
  integrity sha512-nlxW40Ei8MXjfh6+bIIdXzub1UksxJdfjTadpYkFo7T9TaVAMa2l234gJ7Ca58WWWFyR2XSwfB774e/xlqfffw==

"@opennetwork/rdf-namespace-json@^1.0.3":
  version "1.0.3"
  resolved "https://registry.npmjs.org/@opennetwork/rdf-namespace-json/-/rdf-namespace-json-1.0.3.tgz#a767c7cbeb45a1815be5062b9132bdf635263777"
  integrity sha512-UFHtSCfSdr8KQ1p0XWl/FUb4t1uL/Pu51uGCSdkzts/ZoUvIUrnmBCUX+KBiaOvzspOfOloXLibakbxGpbWQNw==

"@opennetwork/rdf-namespace-mime@^1.0.4":
  version "1.0.4"
  resolved "https://registry.npmjs.org/@opennetwork/rdf-namespace-mime/-/rdf-namespace-mime-1.0.4.tgz#48af37dd07fee15541e49d2190a1f0af71fd97b8"
  integrity sha512-FammzqYn0z6hNxXhRgenxVa6cKYk4hKQPeM0dUzqgRYMaU3+GtsjyKSw2zHb1yrLV2PlGUwIsqsXi/lT7zr01g==

balanced-match@^1.0.0:
  version "1.0.0"
  resolved "https://registry.npmjs.org/balanced-match/-/balanced-match-1.0.0.tgz#89b4d199ab2bee49de164ea02b89ce462d71b767"
  integrity sha1-ibTRmasr7kneFk6gK4nORi1xt2c=

bluebird@^3.4.7, bluebird@^3.5.1:
  version "3.7.2"
  resolved "https://registry.npmjs.org/bluebird/-/bluebird-3.7.2.tgz#9f229c15be272454ffa973ace0dbee79a1b0c36f"
  integrity sha512-XpNj6GDQzdfW+r2Wnn7xiSAd7TM3jzkxGXBGTtWKuSXv1xUV+azxAm8jdWZN06QTQk+2N2XB9jRDkvbmQmcRtg==

brace-expansion@^1.1.7:
  version "1.1.11"
  resolved "https://registry.npmjs.org/brace-expansion/-/brace-expansion-1.1.11.tgz#3c7fcbf529d87226f3d2f52b966ff5271eb441dd"
  integrity sha512-iCuPHDFgrHX7H2vEI/5xpz07zSHB00TpugqhmYtVmMO6518mCuRMoOYFldEBl0g187ufozdaHgWKcYFb61qGiA==
  dependencies:
    balanced-match "^1.0.0"
    concat-map "0.0.1"

concat-map@0.0.1:
  version "0.0.1"
  resolved "https://registry.npmjs.org/concat-map/-/concat-map-0.0.1.tgz#d8a96bd77fd68df7793a73036a3ba0d5405d477b"
  integrity sha1-2Klr13/Wjfd5OnMDajug1UBdR3s=

err-code@^1.0.0:
  version "1.1.2"
  resolved "https://registry.npmjs.org/err-code/-/err-code-1.1.2.tgz#06e0116d3028f6aef4806849eb0ea6a748ae6960"
  integrity sha1-BuARbTAo9q70gGhJ6w6mp0iuaWA=

extend@^3.0.0:
  version "3.0.2"
  resolved "https://registry.npmjs.org/extend/-/extend-3.0.2.tgz#f8b1136b4071fbd8eb140aff858b1019ec2915fa"
  integrity sha512-fjquC59cD7CyW6urNXK0FBufkZcoiGG80wTuPujX590cB5Ttln20E2UB4S/WARVqhXffZl2LNgS+gQdPIIim/g==

file-js@0.3.0:
  version "0.3.0"
  resolved "https://registry.npmjs.org/file-js/-/file-js-0.3.0.tgz#fab46bf782346c9294499f1f0d2ad07d838f25d1"
  integrity sha1-+rRr94I0bJKUSZ8fDSrQfYOPJdE=
  dependencies:
    bluebird "^3.4.7"
    minimatch "^3.0.3"
    proper-lockfile "^1.2.0"

filehound@^1.17.4:
  version "1.17.4"
  resolved "https://registry.npmjs.org/filehound/-/filehound-1.17.4.tgz#3f5b76c5b3edc1080311ba802e1ad43179e4291e"
  integrity sha512-A74hiTADH20bpFbXBNyKtpqN4Guffa+ROmdGJWNnuCRhaD45UVSVoI6McLcpHYmuaOERrzD3gMV3v9VZq/SHeA==
  dependencies:
    bluebird "^3.5.1"
    file-js "0.3.0"
    lodash "^4.17.10"
    minimatch "^3.0.4"
    moment "^2.22.1"
    unit-compare "^1.0.1"

graceful-fs@^4.1.2:
  version "4.2.4"
  resolved "https://registry.npmjs.org/graceful-fs/-/graceful-fs-4.2.4.tgz#2256bde14d3632958c465ebc96dc467ca07a29fb"
  integrity sha512-WjKPNJF79dtJAVniUlGGWHYGz2jWxT6VhN/4m1NdkbZ2nOsEF+cI1Edgql5zCRhs/VsQYRvrXctxktVXZUkixw==

iterable@^5.7.0:
  version "5.7.0"
  resolved "https://registry.npmjs.org/iterable/-/iterable-5.7.0.tgz#6937296d3380c227f55fd5ca299e41a821d573f7"
  integrity sha512-xLERMG+ha4eAxSkms2iaJbjFW5V2uB8vFZVq6Kh+YwPax29IwMTdOIOoieeXOu6+nV0+xe82i2H346RLvsyigA==

"js-tokens@^3.0.0 || ^4.0.0":
  version "4.0.0"
  resolved "https://registry.npmjs.org/js-tokens/-/js-tokens-4.0.0.tgz#19203fb59991df98e3a287050d4647cdeaf32499"
  integrity sha512-RdJUflcE3cUzKiMqQgsCu06FPu9UdIJO0beYbPhHN4k6apgJtifcoCtT9bcxOpYBtpD2kCM6Sbzg4CausW/PKQ==

lodash@^4.17.10:
  version "4.17.15"
  resolved "https://registry.npmjs.org/lodash/-/lodash-4.17.15.tgz#b447f6670a0455bbfeedd11392eff330ea097548"
  integrity sha512-8xOcRHvCjnocdS5cpwXQXVzmmh5e5+saE2QGoeQmbKmRS6J3VQppPOIt0MnmE+4xlZoumy0GPG0D0MVIQbNA1A==

loose-envify@^1.1.0, loose-envify@^1.4.0:
  version "1.4.0"
  resolved "https://registry.npmjs.org/loose-envify/-/loose-envify-1.4.0.tgz#71ee51fa7be4caec1a63839f7e682d8132d30caf"
  integrity sha512-lyuxPGr/Wfhrlem2CL/UcnUc1zcqKAImBDzukY7Y5F/yQiNdko6+fRLevlw1HgMySw7f611UIY408EtxRSoK3Q==
  dependencies:
    js-tokens "^3.0.0 || ^4.0.0"

minimatch@^3.0.3, minimatch@^3.0.4:
  version "3.0.4"
  resolved "https://registry.npmjs.org/minimatch/-/minimatch-3.0.4.tgz#5166e286457f03306064be5497e8dbb0c3d32083"
  integrity sha512-yJHVQEhyqPLUTgt9B83PXu6W3rx4MvvHvSUvToogpwoGDOUQ+yDrR0HRot+yOCdCO7u4hX3pWft6kWBBcqh0UA==
  dependencies:
    brace-expansion "^1.1.7"

moment@^2.14.1, moment@^2.22.1:
  version "2.29.4"
  resolved "https://registry.yarnpkg.com/moment/-/moment-2.29.4.tgz#3dbe052889fe7c1b2ed966fcb3a77328964ef108"
  integrity sha512-5LC9SOxjSc2HF6vO2CyuTDNivEdoz2IvyJJGj6X8DJ0eFyfszE0QiEd+iXmBvUP3WHxSjFH/vIsA0EN00cgr8w==

object-assign@^4.1.1:
  version "4.1.1"
  resolved "https://registry.npmjs.org/object-assign/-/object-assign-4.1.1.tgz#2109adc7965887cfc05cbbd442cac8bfbb360863"
  integrity sha1-IQmtx5ZYh8/AXLvUQsrIv7s2CGM=

prop-types@^15.6.2:
  version "15.7.2"
  resolved "https://registry.npmjs.org/prop-types/-/prop-types-15.7.2.tgz#52c41e75b8c87e72b9d9360e0206b99dcbffa6c5"
  integrity sha512-8QQikdH7//R2vurIJSutZ1smHYTcLpRWEOlHnzcWHmBYrOGUysKwSsrC89BCiFj3CbrfJ/nXFdJepOVrY1GCHQ==
  dependencies:
    loose-envify "^1.4.0"
    object-assign "^4.1.1"
    react-is "^16.8.1"

proper-lockfile@^1.2.0:
  version "1.2.0"
  resolved "https://registry.npmjs.org/proper-lockfile/-/proper-lockfile-1.2.0.tgz#ceff5dd89d3e5f10fb75e1e8e76bc75801a59c34"
  integrity sha1-zv9d2J0+XxD7deHo52vHWAGlnDQ=
  dependencies:
    err-code "^1.0.0"
    extend "^3.0.0"
    graceful-fs "^4.1.2"
    retry "^0.10.0"

pure-uuid@^1.6.0:
  version "1.6.0"
  resolved "https://registry.npmjs.org/pure-uuid/-/pure-uuid-1.6.0.tgz#304da991dbd38d1efd03342d3e104f6666f6e38d"
  integrity sha512-z+A7GMeyPu4X1NoGKraYiOOFzK0HZpnsHwbJZbt9NGGaqrfs3amyuWgRhHnfMJN4MM0IbAsLvHBqt0p1S84UQQ==

react-dom@^16.13.1:
  version "16.13.1"
  resolved "https://registry.npmjs.org/react-dom/-/react-dom-16.13.1.tgz#c1bd37331a0486c078ee54c4740720993b2e0e7f"
  integrity sha512-81PIMmVLnCNLO/fFOQxdQkvEq/+Hfpv24XNJfpyZhTRfO0QcmQIF/PgCa1zCOj2w1hrn12MFLyaJ/G0+Mxtfag==
  dependencies:
    loose-envify "^1.1.0"
    object-assign "^4.1.1"
    prop-types "^15.6.2"
    scheduler "^0.19.1"

react-is@^16.8.1:
  version "16.13.1"
  resolved "https://registry.npmjs.org/react-is/-/react-is-16.13.1.tgz#789729a4dc36de2999dc156dd6c1d9c18cea56a4"
  integrity sha512-24e6ynE2H+OKt4kqsOvNd8kBpV65zoxbA4BVsEOB3ARVWQki/DHzaUoC5KuON/BiccDaCCTZBuOcfZs70kR8bQ==

react@^16.13.1:
  version "16.13.1"
  resolved "https://registry.npmjs.org/react/-/react-16.13.1.tgz#2e818822f1a9743122c063d6410d85c1e3afe48e"
  integrity sha512-YMZQQq32xHLX0bz5Mnibv1/LHb3Sqzngu7xstSM+vrkE5Kzr9xE0yMByK5kMoTK30YVJE61WfbxIFFvfeDKT1w==
  dependencies:
    loose-envify "^1.1.0"
    object-assign "^4.1.1"
    prop-types "^15.6.2"

retry@^0.10.0:
  version "0.10.1"
  resolved "https://registry.npmjs.org/retry/-/retry-0.10.1.tgz#e76388d217992c252750241d3d3956fed98d8ff4"
  integrity sha1-52OI0heZLCUnUCQdPTlW/tmNj/Q=

scheduler@^0.19.1:
  version "0.19.1"
  resolved "https://registry.npmjs.org/scheduler/-/scheduler-0.19.1.tgz#4f3e2ed2c1a7d65681f4c854fa8c5a1ccb40f196"
  integrity sha512-n/zwRWRYSUj0/3g/otKDRPMh6qv2SYMWNq85IEa8iZyAv8od9zDYpGSnpBEjNgcMNq6Scbu5KfIPxNF72R/2EA==
  dependencies:
    loose-envify "^1.1.0"
    object-assign "^4.1.1"

typescript@^3.9.5:
  version "3.9.5"
  resolved "https://registry.npmjs.org/typescript/-/typescript-3.9.5.tgz#586f0dba300cde8be52dd1ac4f7e1009c1b13f36"
  integrity sha512-hSAifV3k+i6lEoCJ2k6R2Z/rp/H3+8sdmcn5NrS3/3kE7+RyZXm9aqvxWqjEXHAd8b0pShatpcdMTvEdvAJltQ==

unit-compare@^1.0.1:
  version "1.0.1"
  resolved "https://registry.npmjs.org/unit-compare/-/unit-compare-1.0.1.tgz#0c7459f0e5bf53637ea873ca3cee18de2eeca386"
  integrity sha1-DHRZ8OW/U2N+qHPKPO4Y3i7so4Y=
  dependencies:
    moment "^2.14.1"
